
Microsoft Visual Studio Solution File, Format Version 12.00
Project("{FAE04EC0-301F-11D3-BF4B-00C04F79EFBC}") = "PixivTool", "PixivTool\PixivTool.csproj", "{B3F80A78-034D-4E28-9614-88A5F2EA775F}"
EndProject
Global
	GlobalSection(SolutionConfigurationPlatforms) = preSolution
		Debug|Any CPU = Debug|Any CPU
		Release|Any CPU = Release|Any CPU
	EndGlobalSection
	GlobalSection(ProjectConfigurationPlatforms) = postSolution
		{B3F80A78-034D-4E28-9614-88A5F2EA775F}.Debug|Any CPU.ActiveCfg = Debug|Any CPU
		{B3F80A78-034D-4E28-9614-88A5F2EA775F}.Debug|Any CPU.Build.0 = Debug|Any CPU
		{B3F80A78-034D-4E28-9614-88A5F2EA775F}.Release|Any CPU.ActiveCfg = Release|Any CPU
		{B3F80A78-034D-4E28-9614-88A5F2EA775F}.Release|Any CPU.Build.0 = Release|Any CPU
	EndGlobalSection
EndGlobal
