
Microsoft Visual Studio Solution File, Format Version 12.00
# Visual Studio Version 17
VisualStudioVersion = 17.5.33530.505
MinimumVisualStudioVersion = 10.0.40219.1
Project("{FAE04EC0-301F-11D3-BF4B-00C04F79EFBC}") = "GUI", "GUI.csproj", "{C890A01A-E416-4E59-AB11-A854679FFC16}"
EndProject
Global
	GlobalSection(SolutionConfigurationPlatforms) = preSolution
		Debug|Any CPU = Debug|Any CPU
		Release|Any CPU = Release|Any CPU
	EndGlobalSection
	GlobalSection(ProjectConfigurationPlatforms) = postSolution
		{C890A01A-E416-4E59-AB11-A854679FFC16}.Debug|Any CPU.ActiveCfg = Debug|Any CPU
		{C890A01A-E416-4E59-AB11-A854679FFC16}.Debug|Any CPU.Build.0 = Debug|Any CPU
		{C890A01A-E416-4E59-AB11-A854679FFC16}.Release|Any CPU.ActiveCfg = Release|Any CPU
		{C890A01A-E416-4E59-AB11-A854679FFC16}.Release|Any CPU.Build.0 = Release|Any CPU
	EndGlobalSection
	GlobalSection(SolutionProperties) = preSolution
		HideSolutionNode = FALSE
	EndGlobalSection
	GlobalSection(ExtensibilityGlobals) = postSolution
		SolutionGuid = {DDC5D4A4-ED3B-4F15-ACF9-554FC3B734C8}
	EndGlobalSection
EndGlobal
